// !$*UTF8*$!
{
	archiveVersion = 1;
	classes = {
	};
	objectVersion = 46;
	objects = {

/* Begin PBXBuildFile section */
		005334F31B73C2270017C90F /* TweetTableViewCell.swift in Sources */ = {isa = PBXBuildFile; fileRef = 005334F21B73C2270017C90F /* TweetTableViewCell.swift */; };
		005334F51B73D8590017C90F /* TweetDetailViewController.swift in Sources */ = {isa = PBXBuildFile; fileRef = 005334F41B73D8590017C90F /* TweetDetailViewController.swift */; };
		006168D41B79059D00B322B5 /* ImageResizer.swift in Sources */ = {isa = PBXBuildFile; fileRef = 006168D31B79059D00B322B5 /* ImageResizer.swift */; };
		00761A5A1B711E6800A683EF /* tweet.json in Resources */ = {isa = PBXBuildFile; fileRef = 00761A591B711E6800A683EF /* tweet.json */; };
		008B2D1D1B6FD92000831364 /* AppDelegate.swift in Sources */ = {isa = PBXBuildFile; fileRef = 008B2D1C1B6FD92000831364 /* AppDelegate.swift */; };
		008B2D1F1B6FD92000831364 /* ViewController.swift in Sources */ = {isa = PBXBuildFile; fileRef = 008B2D1E1B6FD92000831364 /* ViewController.swift */; };
		008B2D221B6FD92000831364 /* Main.storyboard in Resources */ = {isa = PBXBuildFile; fileRef = 008B2D201B6FD92000831364 /* Main.storyboard */; };
		008B2D241B6FD92000831364 /* Images.xcassets in Resources */ = {isa = PBXBuildFile; fileRef = 008B2D231B6FD92000831364 /* Images.xcassets */; };
		008B2D271B6FD92000831364 /* LaunchScreen.xib in Resources */ = {isa = PBXBuildFile; fileRef = 008B2D251B6FD92000831364 /* LaunchScreen.xib */; };
		008B2D331B6FD92000831364 /* Twitter_CloneTests.swift in Sources */ = {isa = PBXBuildFile; fileRef = 008B2D321B6FD92000831364 /* Twitter_CloneTests.swift */; };
		008B2D411B6FDB8700831364 /* Tweet.swift in Sources */ = {isa = PBXBuildFile; fileRef = 008B2D401B6FDB8700831364 /* Tweet.swift */; };
		008B2D431B6FE0DC00831364 /* TweetJSONParser.swift in Sources */ = {isa = PBXBuildFile; fileRef = 008B2D421B6FE0DC00831364 /* TweetJSONParser.swift */; };
		0099E6051B72708A00EE52DA /* LoginService.swift in Sources */ = {isa = PBXBuildFile; fileRef = 0099E6041B72708A00EE52DA /* LoginService.swift */; };
		0099E6071B7278D900EE52DA /* TwitterService.swift in Sources */ = {isa = PBXBuildFile; fileRef = 0099E6061B7278D900EE52DA /* TwitterService.swift */; };
		009B21061B7C6B8A00E4F9A0 /* NibCellView.xib in Resources */ = {isa = PBXBuildFile; fileRef = 009B21051B7C6B8A00E4F9A0 /* NibCellView.xib */; };
		009B210A1B7C6DF900E4F9A0 /* NibCellView.swift in Sources */ = {isa = PBXBuildFile; fileRef = 009B21091B7C6DF900E4F9A0 /* NibCellView.swift */; };
/* End PBXBuildFile section */

/* Begin PBXContainerItemProxy section */
		008B2D2D1B6FD92000831364 /* PBXContainerItemProxy */ = {
			isa = PBXContainerItemProxy;
			containerPortal = 008B2D0F1B6FD91F00831364 /* Project object */;
			proxyType = 1;
			remoteGlobalIDString = 008B2D161B6FD91F00831364;
			remoteInfo = "Twitter Clone";
		};
/* End PBXContainerItemProxy section */

/* Begin PBXFileReference section */
		005334F21B73C2270017C90F /* TweetTableViewCell.swift */ = {isa = PBXFileReference; fileEncoding = 4; lastKnownFileType = sourcecode.swift; path = TweetTableViewCell.swift; sourceTree = "<group>"; };
		005334F41B73D8590017C90F /* TweetDetailViewController.swift */ = {isa = PBXFileReference; fileEncoding = 4; lastKnownFileType = sourcecode.swift; path = TweetDetailViewController.swift; sourceTree = "<group>"; };
		006168D31B79059D00B322B5 /* ImageResizer.swift */ = {isa = PBXFileReference; fileEncoding = 4; lastKnownFileType = sourcecode.swift; path = ImageResizer.swift; sourceTree = "<group>"; };
		00761A591B711E6800A683EF /* tweet.json */ = {isa = PBXFileReference; fileEncoding = 4; lastKnownFileType = text.json; name = tweet.json; path = "../Twitter Clone/tweet.json"; sourceTree = "<group>"; };
		008B2D171B6FD92000831364 /* Twitter Clone.app */ = {isa = PBXFileReference; explicitFileType = wrapper.application; includeInIndex = 0; path = "Twitter Clone.app"; sourceTree = BUILT_PRODUCTS_DIR; };
		008B2D1B1B6FD92000831364 /* Info.plist */ = {isa = PBXFileReference; lastKnownFileType = text.plist.xml; path = Info.plist; sourceTree = "<group>"; };
		008B2D1C1B6FD92000831364 /* AppDelegate.swift */ = {isa = PBXFileReference; lastKnownFileType = sourcecode.swift; path = AppDelegate.swift; sourceTree = "<group>"; };
		008B2D1E1B6FD92000831364 /* ViewController.swift */ = {isa = PBXFileReference; lastKnownFileType = sourcecode.swift; path = ViewController.swift; sourceTree = "<group>"; };
		008B2D211B6FD92000831364 /* Base */ = {isa = PBXFileReference; lastKnownFileType = file.storyboard; name = Base; path = Base.lproj/Main.storyboard; sourceTree = "<group>"; };
		008B2D231B6FD92000831364 /* Images.xcassets */ = {isa = PBXFileReference; lastKnownFileType = folder.assetcatalog; path = Images.xcassets; sourceTree = "<group>"; };
		008B2D261B6FD92000831364 /* Base */ = {isa = PBXFileReference; lastKnownFileType = file.xib; name = Base; path = Base.lproj/LaunchScreen.xib; sourceTree = "<group>"; };
		008B2D2C1B6FD92000831364 /* Twitter CloneTests.xctest */ = {isa = PBXFileReference; explicitFileType = wrapper.cfbundle; includeInIndex = 0; path = "Twitter CloneTests.xctest"; sourceTree = BUILT_PRODUCTS_DIR; };
		008B2D311B6FD92000831364 /* Info.plist */ = {isa = PBXFileReference; lastKnownFileType = text.plist.xml; path = Info.plist; sourceTree = "<group>"; };
		008B2D321B6FD92000831364 /* Twitter_CloneTests.swift */ = {isa = PBXFileReference; lastKnownFileType = sourcecode.swift; path = Twitter_CloneTests.swift; sourceTree = "<group>"; };
		008B2D401B6FDB8700831364 /* Tweet.swift */ = {isa = PBXFileReference; fileEncoding = 4; lastKnownFileType = sourcecode.swift; path = Tweet.swift; sourceTree = "<group>"; };
		008B2D421B6FE0DC00831364 /* TweetJSONParser.swift */ = {isa = PBXFileReference; fileEncoding = 4; lastKnownFileType = sourcecode.swift; path = TweetJSONParser.swift; sourceTree = "<group>"; };
		0099E6041B72708A00EE52DA /* LoginService.swift */ = {isa = PBXFileReference; fileEncoding = 4; lastKnownFileType = sourcecode.swift; path = LoginService.swift; sourceTree = "<group>"; };
		0099E6061B7278D900EE52DA /* TwitterService.swift */ = {isa = PBXFileReference; fileEncoding = 4; lastKnownFileType = sourcecode.swift; path = TwitterService.swift; sourceTree = "<group>"; };
		009B21051B7C6B8A00E4F9A0 /* NibCellView.xib */ = {isa = PBXFileReference; fileEncoding = 4; lastKnownFileType = file.xib; path = NibCellView.xib; sourceTree = "<group>"; };
		009B21091B7C6DF900E4F9A0 /* NibCellView.swift */ = {isa = PBXFileReference; fileEncoding = 4; lastKnownFileType = sourcecode.swift; name = NibCellView.swift; path = ../NibCellView.swift; sourceTree = "<group>"; };
		00A5A8341B79DA61002C21A3 /* iOS_Playground_Dev_Accelerator.playground */ = {isa = PBXFileReference; lastKnownFileType = file.playground; path = iOS_Playground_Dev_Accelerator.playground; sourceTree = "<group>"; };
/* End PBXFileReference section */

/* Begin PBXFrameworksBuildPhase section */
		008B2D141B6FD91F00831364 /* Frameworks */ = {
			isa = PBXFrameworksBuildPhase;
			buildActionMask = 2147483647;
			files = (
			);
			runOnlyForDeploymentPostprocessing = 0;
		};
		008B2D291B6FD92000831364 /* Frameworks */ = {
			isa = PBXFrameworksBuildPhase;
			buildActionMask = 2147483647;
			files = (
			);
			runOnlyForDeploymentPostprocessing = 0;
		};
/* End PBXFrameworksBuildPhase section */

/* Begin PBXGroup section */
		008B2D0E1B6FD91F00831364 = {
			isa = PBXGroup;
			children = (
				008B2D191B6FD92000831364 /* Twitter Clone */,
				008B2D2F1B6FD92000831364 /* Twitter CloneTests */,
				008B2D181B6FD92000831364 /* Products */,
			);
			sourceTree = "<group>";
		};
		008B2D181B6FD92000831364 /* Products */ = {
			isa = PBXGroup;
			children = (
				008B2D171B6FD92000831364 /* Twitter Clone.app */,
				008B2D2C1B6FD92000831364 /* Twitter CloneTests.xctest */,
			);
			name = Products;
			sourceTree = "<group>";
		};
		008B2D191B6FD92000831364 /* Twitter Clone */ = {
			isa = PBXGroup;
			children = (
				00A5A8341B79DA61002C21A3 /* iOS_Playground_Dev_Accelerator.playground */,
				008B2D1C1B6FD92000831364 /* AppDelegate.swift */,
				008B2D3C1B6FD9C400831364 /* Model */,
				008B2D3E1B6FD9E000831364 /* View */,
				008B2D3F1B6FD9E900831364 /* Controller */,
				008B2D231B6FD92000831364 /* Images.xcassets */,
				008B2D251B6FD92000831364 /* LaunchScreen.xib */,
				008B2D1A1B6FD92000831364 /* Supporting Files */,
			);
			path = "Twitter Clone";
			sourceTree = "<group>";
		};
		008B2D1A1B6FD92000831364 /* Supporting Files */ = {
			isa = PBXGroup;
			children = (
				008B2D1B1B6FD92000831364 /* Info.plist */,
			);
			name = "Supporting Files";
			sourceTree = "<group>";
		};
		008B2D2F1B6FD92000831364 /* Twitter CloneTests */ = {
			isa = PBXGroup;
			children = (
				008B2D321B6FD92000831364 /* Twitter_CloneTests.swift */,
				008B2D301B6FD92000831364 /* Supporting Files */,
			);
			path = "Twitter CloneTests";
			sourceTree = "<group>";
		};
		008B2D301B6FD92000831364 /* Supporting Files */ = {
			isa = PBXGroup;
			children = (
				00761A591B711E6800A683EF /* tweet.json */,
				008B2D311B6FD92000831364 /* Info.plist */,
			);
			name = "Supporting Files";
			sourceTree = "<group>";
		};
		008B2D3C1B6FD9C400831364 /* Model */ = {
			isa = PBXGroup;
			children = (
				008B2D401B6FDB8700831364 /* Tweet.swift */,
				008B2D421B6FE0DC00831364 /* TweetJSONParser.swift */,
				0099E6041B72708A00EE52DA /* LoginService.swift */,
				0099E6061B7278D900EE52DA /* TwitterService.swift */,
			);
			name = Model;
			sourceTree = "<group>";
		};
		008B2D3E1B6FD9E000831364 /* View */ = {
			isa = PBXGroup;
			children = (
				008B2D201B6FD92000831364 /* Main.storyboard */,
			);
			name = View;
			sourceTree = "<group>";
		};
		008B2D3F1B6FD9E900831364 /* Controller */ = {
			isa = PBXGroup;
			children = (
				008B2D1E1B6FD92000831364 /* ViewController.swift */,
				005334F21B73C2270017C90F /* TweetTableViewCell.swift */,
				005334F41B73D8590017C90F /* TweetDetailViewController.swift */,
				006168D31B79059D00B322B5 /* ImageResizer.swift */,
				009B21091B7C6DF900E4F9A0 /* NibCellView.swift */,
				009B21051B7C6B8A00E4F9A0 /* NibCellView.xib */,
			);
			name = Controller;
			sourceTree = "<group>";
		};
/* End PBXGroup section */

/* Begin PBXNativeTarget section */
		008B2D161B6FD91F00831364 /* Twitter Clone */ = {
			isa = PBXNativeTarget;
			buildConfigurationList = 008B2D361B6FD92000831364 /* Build configuration list for PBXNativeTarget "Twitter Clone" */;
			buildPhases = (
				008B2D131B6FD91F00831364 /* Sources */,
				008B2D141B6FD91F00831364 /* Frameworks */,
				008B2D151B6FD91F00831364 /* Resources */,
			);
			buildRules = (
			);
			dependencies = (
			);
			name = "Twitter Clone";
			productName = "Twitter Clone";
			productReference = 008B2D171B6FD92000831364 /* Twitter Clone.app */;
			productType = "com.apple.product-type.application";
		};
		008B2D2B1B6FD92000831364 /* Twitter CloneTests */ = {
			isa = PBXNativeTarget;
			buildConfigurationList = 008B2D391B6FD92000831364 /* Build configuration list for PBXNativeTarget "Twitter CloneTests" */;
			buildPhases = (
				008B2D281B6FD92000831364 /* Sources */,
				008B2D291B6FD92000831364 /* Frameworks */,
				008B2D2A1B6FD92000831364 /* Resources */,
			);
			buildRules = (
			);
			dependencies = (
				008B2D2E1B6FD92000831364 /* PBXTargetDependency */,
			);
			name = "Twitter CloneTests";
			productName = "Twitter CloneTests";
			productReference = 008B2D2C1B6FD92000831364 /* Twitter CloneTests.xctest */;
			productType = "com.apple.product-type.bundle.unit-test";
		};
/* End PBXNativeTarget section */

/* Begin PBXProject section */
		008B2D0F1B6FD91F00831364 /* Project object */ = {
			isa = PBXProject;
			attributes = {
				LastUpgradeCheck = 0640;
				ORGANIZATIONNAME = "Mick Soum";
				TargetAttributes = {
					008B2D161B6FD91F00831364 = {
						CreatedOnToolsVersion = 6.4;
					};
					008B2D2B1B6FD92000831364 = {
						CreatedOnToolsVersion = 6.4;
						TestTargetID = 008B2D161B6FD91F00831364;
					};
				};
			};
			buildConfigurationList = 008B2D121B6FD91F00831364 /* Build configuration list for PBXProject "Twitter Clone" */;
			compatibilityVersion = "Xcode 3.2";
			developmentRegion = English;
			hasScannedForEncodings = 0;
			knownRegions = (
				en,
				Base,
			);
			mainGroup = 008B2D0E1B6FD91F00831364;
			productRefGroup = 008B2D181B6FD92000831364 /* Products */;
			projectDirPath = "";
			projectRoot = "";
			targets = (
				008B2D161B6FD91F00831364 /* Twitter Clone */,
				008B2D2B1B6FD92000831364 /* Twitter CloneTests */,
			);
		};
/* End PBXProject section */

/* Begin PBXResourcesBuildPhase section */
		008B2D151B6FD91F00831364 /* Resources */ = {
			isa = PBXResourcesBuildPhase;
			buildActionMask = 2147483647;
			files = (
				008B2D221B6FD92000831364 /* Main.storyboard in Resources */,
				009B21061B7C6B8A00E4F9A0 /* NibCellView.xib in Resources */,
				008B2D271B6FD92000831364 /* LaunchScreen.xib in Resources */,
				008B2D241B6FD92000831364 /* Images.xcassets in Resources */,
				00761A5A1B711E6800A683EF /* tweet.json in Resources */,
			);
			runOnlyForDeploymentPostprocessing = 0;
		};
		008B2D2A1B6FD92000831364 /* Resources */ = {
			isa = PBXResourcesBuildPhase;
			buildActionMask = 2147483647;
			files = (
			);
			runOnlyForDeploymentPostprocessing = 0;
		};
/* End PBXResourcesBuildPhase section */

/* Begin PBXSourcesBuildPhase section */
		008B2D131B6FD91F00831364 /* Sources */ = {
			isa = PBXSourcesBuildPhase;
			buildActionMask = 2147483647;
			files = (
				009B210A1B7C6DF900E4F9A0 /* NibCellView.swift in Sources */,
				008B2D431B6FE0DC00831364 /* TweetJSONParser.swift in Sources */,
				008B2D411B6FDB8700831364 /* Tweet.swift in Sources */,
				0099E6051B72708A00EE52DA /* LoginService.swift in Sources */,
				008B2D1F1B6FD92000831364 /* ViewController.swift in Sources */,
				008B2D1D1B6FD92000831364 /* AppDelegate.swift in Sources */,
				005334F51B73D8590017C90F /* TweetDetailViewController.swift in Sources */,
				0099E6071B7278D900EE52DA /* TwitterService.swift in Sources */,
				006168D41B79059D00B322B5 /* ImageResizer.swift in Sources */,
				005334F31B73C2270017C90F /* TweetTableViewCell.swift in Sources */,
			);
			runOnlyForDeploymentPostprocessing = 0;
		};
		008B2D281B6FD92000831364 /* Sources */ = {
			isa = PBXSourcesBuildPhase;
			buildActionMask = 2147483647;
			files = (
				008B2D331B6FD92000831364 /* Twitter_CloneTests.swift in Sources */,
			);
			runOnlyForDeploymentPostprocessing = 0;
		};
/* End PBXSourcesBuildPhase section */

/* Begin PBXTargetDependency section */
		008B2D2E1B6FD92000831364 /* PBXTargetDependency */ = {
			isa = PBXTargetDependency;
			target = 008B2D161B6FD91F00831364 /* Twitter Clone */;
			targetProxy = 008B2D2D1B6FD92000831364 /* PBXContainerItemProxy */;
		};
/* End PBXTargetDependency section */

/* Begin PBXVariantGroup section */
		008B2D201B6FD92000831364 /* Main.storyboard */ = {
			isa = PBXVariantGroup;
			children = (
				008B2D211B6FD92000831364 /* Base */,
			);
			name = Main.storyboard;
			sourceTree = "<group>";
		};
		008B2D251B6FD92000831364 /* LaunchScreen.xib */ = {
			isa = PBXVariantGroup;
			children = (
				008B2D261B6FD92000831364 /* Base */,
			);
			name = LaunchScreen.xib;
			sourceTree = "<group>";
		};
/* End PBXVariantGroup section */

/* Begin XCBuildConfiguration section */
		008B2D341B6FD92000831364 /* Debug */ = {
			isa = XCBuildConfiguration;
			buildSettings = {
				ALWAYS_SEARCH_USER_PATHS = NO;
				CLANG_CXX_LANGUAGE_STANDARD = "gnu++0x";
				CLANG_CXX_LIBRARY = "libc++";
				CLANG_ENABLE_MODULES = YES;
				CLANG_ENABLE_OBJC_ARC = YES;
				CLANG_WARN_BOOL_CONVERSION = YES;
				CLANG_WARN_CONSTANT_CONVERSION = YES;
				CLANG_WARN_DIRECT_OBJC_ISA_USAGE = YES_ERROR;
				CLANG_WARN_EMPTY_BODY = YES;
				CLANG_WARN_ENUM_CONVERSION = YES;
				CLANG_WARN_INT_CONVERSION = YES;
				CLANG_WARN_OBJC_ROOT_CLASS = YES_ERROR;
				CLANG_WARN_UNREACHABLE_CODE = YES;
				CLANG_WARN__DUPLICATE_METHOD_MATCH = YES;
				"CODE_SIGN_IDENTITY[sdk=iphoneos*]" = "iPhone Developer";
				COPY_PHASE_STRIP = NO;
				DEBUG_INFORMATION_FORMAT = "dwarf-with-dsym";
				ENABLE_STRICT_OBJC_MSGSEND = YES;
				GCC_C_LANGUAGE_STANDARD = gnu99;
				GCC_DYNAMIC_NO_PIC = NO;
				GCC_NO_COMMON_BLOCKS = YES;
				GCC_OPTIMIZATION_LEVEL = 0;
				GCC_PREPROCESSOR_DEFINITIONS = (
					"DEBUG=1",
					"$(inherited)",
				);
				GCC_SYMBOLS_PRIVATE_EXTERN = NO;
				GCC_WARN_64_TO_32_BIT_CONVERSION = YES;
				GCC_WARN_ABOUT_RETURN_TYPE = YES_ERROR;
				GCC_WARN_UNDECLARED_SELECTOR = YES;
				GCC_WARN_UNINITIALIZED_AUTOS = YES_AGGRESSIVE;
				GCC_WARN_UNUSED_FUNCTION = YES;
				GCC_WARN_UNUSED_VARIABLE = YES;
				IPHONEOS_DEPLOYMENT_TARGET = 8.4;
				MTL_ENABLE_DEBUG_INFO = YES;
				ONLY_ACTIVE_ARCH = YES;
				SDKROOT = iphoneos;
				SWIFT_OPTIMIZATION_LEVEL = "-Onone";
			};
			name = Debug;
		};
		008B2D351B6FD92000831364 /* Release */ = {
			isa = XCBuildConfiguration;
			buildSettings = {
				ALWAYS_SEARCH_USER_PATHS = NO;
				CLANG_CXX_LANGUAGE_STANDARD = "gnu++0x";
				CLANG_CXX_LIBRARY = "libc++";
				CLANG_ENABLE_MODULES = YES;
				CLANG_ENABLE_OBJC_ARC = YES;
				CLANG_WARN_BOOL_CONVERSION = YES;
				CLANG_WARN_CONSTANT_CONVERSION = YES;
				CLANG_WARN_DIRECT_OBJC_ISA_USAGE = YES_ERROR;
				CLANG_WARN_EMPTY_BODY = YES;
				CLANG_WARN_ENUM_CONVERSION = YES;
				CLANG_WARN_INT_CONVERSION = YES;
				CLANG_WARN_OBJC_ROOT_CLASS = YES_ERROR;
				CLANG_WARN_UNREACHABLE_CODE = YES;
				CLANG_WARN__DUPLICATE_METHOD_MATCH = YES;
				"CODE_SIGN_IDENTITY[sdk=iphoneos*]" = "iPhone Developer";
				COPY_PHASE_STRIP = NO;
				DEBUG_INFORMATION_FORMAT = "dwarf-with-dsym";
				ENABLE_NS_ASSERTIONS = NO;
				ENABLE_STRICT_OBJC_MSGSEND = YES;
				GCC_C_LANGUAGE_STANDARD = gnu99;
				GCC_NO_COMMON_BLOCKS = YES;
				GCC_WARN_64_TO_32_BIT_CONVERSION = YES;
				GCC_WARN_ABOUT_RETURN_TYPE = YES_ERROR;
				GCC_WARN_UNDECLARED_SELECTOR = YES;
				GCC_WARN_UNINITIALIZED_AUTOS = YES_AGGRESSIVE;
				GCC_WARN_UNUSED_FUNCTION = YES;
				GCC_WARN_UNUSED_VARIABLE = YES;
				IPHONEOS_DEPLOYMENT_TARGET = 8.4;
				MTL_ENABLE_DEBUG_INFO = NO;
				SDKROOT = iphoneos;
				VALIDATE_PRODUCT = YES;
			};
			name = Release;
		};
		008B2D371B6FD92000831364 /* Debug */ = {
			isa = XCBuildConfiguration;
			buildSettings = {
				ASSETCATALOG_COMPILER_APPICON_NAME = AppIcon;
				INFOPLIST_FILE = "Twitter Clone/Info.plist";
				LD_RUNPATH_SEARCH_PATHS = "$(inherited) @executable_path/Frameworks";
				PRODUCT_NAME = "$(TARGET_NAME)";
			};
			name = Debug;
		};
		008B2D381B6FD92000831364 /* Release */ = {
			isa = XCBuildConfiguration;
			buildSettings = {
				ASSETCATALOG_COMPILER_APPICON_NAME = AppIcon;
				INFOPLIST_FILE = "Twitter Clone/Info.plist";
				LD_RUNPATH_SEARCH_PATHS = "$(inherited) @executable_path/Frameworks";
				PRODUCT_NAME = "$(TARGET_NAME)";
			};
			name = Release;
		};
		008B2D3A1B6FD92000831364 /* Debug */ = {
			isa = XCBuildConfiguration;
			buildSettings = {
				BUNDLE_LOADER = "$(TEST_HOST)";
				FRAMEWORK_SEARCH_PATHS = (
					"$(SDKROOT)/Developer/Library/Frameworks",
					"$(inherited)",
				);
				GCC_PREPROCESSOR_DEFINITIONS = (
					"DEBUG=1",
					"$(inherited)",
				);
				INFOPLIST_FILE = "Twitter CloneTests/Info.plist";
				LD_RUNPATH_SEARCH_PATHS = "$(inherited) @executable_path/Frameworks @loader_path/Frameworks";
				PRODUCT_NAME = "$(TARGET_NAME)";
				TEST_HOST = "$(BUILT_PRODUCTS_DIR)/Twitter Clone.app/Twitter Clone";
			};
			name = Debug;
		};
		008B2D3B1B6FD92000831364 /* Release */ = {
			isa = XCBuildConfiguration;
			buildSettings = {
				BUNDLE_LOADER = "$(TEST_HOST)";
				FRAMEWORK_SEARCH_PATHS = (
					"$(SDKROOT)/Developer/Library/Frameworks",
					"$(inherited)",
				);
				INFOPLIST_FILE = "Twitter CloneTests/Info.plist";
				LD_RUNPATH_SEARCH_PATHS = "$(inherited) @executable_path/Frameworks @loader_path/Frameworks";
				PRODUCT_NAME = "$(TARGET_NAME)";
				TEST_HOST = "$(BUILT_PRODUCTS_DIR)/Twitter Clone.app/Twitter Clone";
			};
			name = Release;
		};
/* End XCBuildConfiguration section */

/* Begin XCConfigurationList section */
		008B2D121B6FD91F00831364 /* Build configuration list for PBXProject "Twitter Clone" */ = {
			isa = XCConfigurationList;
			buildConfigurations = (
				008B2D341B6FD92000831364 /* Debug */,
				008B2D351B6FD92000831364 /* Release */,
			);
			defaultConfigurationIsVisible = 0;
			defaultConfigurationName = Release;
		};
		008B2D361B6FD92000831364 /* Build configuration list for PBXNativeTarget "Twitter Clone" */ = {
			isa = XCConfigurationList;
			buildConfigurations = (
				008B2D371B6FD92000831364 /* Debug */,
				008B2D381B6FD92000831364 /* Release */,
			);
			defaultConfigurationIsVisible = 0;
			defaultConfigurationName = Release;
		};
		008B2D391B6FD92000831364 /* Build configuration list for PBXNativeTarget "Twitter CloneTests" */ = {
			isa = XCConfigurationList;
			buildConfigurations = (
				008B2D3A1B6FD92000831364 /* Debug */,
				008B2D3B1B6FD92000831364 /* Release */,
			);
			defaultConfigurationIsVisible = 0;
			defaultConfigurationName = Release;
		};
/* End XCConfigurationList section */
	};
	rootObject = 008B2D0F1B6FD91F00831364 /* Project object */;
}
